<?xml version="1.0" encoding="utf-8"?>
<Project ToolsVersion="4.0" xmlns="http://schemas.microsoft.com/developer/msbuild/2003">
  <ItemGroup>
    <Filter Include="Source Files">
      <UniqueIdentifier>{4FC737F1-C7A5-4376-A066-2A32D752A2FF}</UniqueIdentifier>
      <Extensions>cpp;c;cc;cxx;def;odl;idl;hpj;bat;asm;asmx</Extensions>
    </Filter>
    <Filter Include="Resource Files">
      <UniqueIdentifier>{67DA6AB6-F800-4c08-8B7A-83BB121AAD01}</UniqueIdentifier>
      <Extensions>rc;ico;cur;bmp;dlg;rc2;rct;bin;rgs;gif;jpg;jpeg;jpe;resx;tiff;tif;png;wav;mfcribbon-ms</Extensions>
    </Filter>
  </ItemGroup>
  <ItemGroup>
    <Text Include="ReadMe.txt" />
  </ItemGroup>
  <ItemGroup>
    <ClCompile Include="stdafx.cpp">
      <Filter>Source Files</Filter>
    </ClCompile>
    <ClCompile Include="winhost1.cpp">
      <Filter>Source Files</Filter>
    </ClCompile>
    <ClCompile Include="..\emDataApi.cpp">
      <Filter>Source Files</Filter>
    </ClCompile>
    <ClCompile Include="..\emEvolvableMotherboard.cpp">
      <Filter>Source Files</Filter>
    </ClCompile>
    <ClCompile Include="..\emMotherboard.cpp">
      <Filter>Source Files</Filter>
    </ClCompile>
    <ClCompile Include="..\shared_constants.cpp">
      <Filter>Source Files</Filter>
    </ClCompile>
    <ClCompile Include="..\usb.cpp">
      <Filter>Source Files</Filter>
    </ClCompile>
    <ClCompile Include="..\Mecobo.cpp">
      <Filter>Source Files</Filter>
    </ClCompile>
    <ClCompile Include="..\NascenseAPI_v01e_constants.cpp">
      <Filter>Source Files</Filter>
    </ClCompile>
    <ClCompile Include="..\NascenseAPI_v01e_types.cpp">
      <Filter>Source Files</Filter>
    </ClCompile>
    <ClCompile Include="..\channelmap.cpp">
      <Filter>Source Files</Filter>
    </ClCompile>
  </ItemGroup>
  <ItemGroup>
    <ClInclude Include="..\channelmap.h">
      <Filter>Source Files</Filter>
    </ClInclude>
    <ClInclude Include="..\emDataApi.h">
      <Filter>Source Files</Filter>
    </ClInclude>
    <ClInclude Include="..\emEvolvableMotherboard.h">
      <Filter>Source Files</Filter>
    </ClInclude>
    <ClInclude Include="..\emLogServer.h">
      <Filter>Source Files</Filter>
    </ClInclude>
    <ClInclude Include="..\emMotherboard.h">
      <Filter>Source Files</Filter>
    </ClInclude>
    <ClInclude Include="..\ga.h">
      <Filter>Source Files</Filter>
    </ClInclude>
    <ClInclude Include="..\inttypes.h">
      <Filter>Source Files</Filter>
    </ClInclude>
    <ClInclude Include="..\Mecobo.h">
      <Filter>Source Files</Filter>
    </ClInclude>
    <ClInclude Include="..\NascenseAPI_v01e_constants.h">
      <Filter>Source Files</Filter>
    </ClInclude>
    <ClInclude Include="..\NascenseAPI_v01e_types.h">
      <Filter>Source Files</Filter>
    </ClInclude>
    <ClInclude Include="..\shared_constants.h">
      <Filter>Source Files</Filter>
    </ClInclude>
    <ClInclude Include="..\shared_types.h">
      <Filter>Source Files</Filter>
    </ClInclude>
    <ClInclude Include="..\USB.h">
      <Filter>Source Files</Filter>
    </ClInclude>
    <ClInclude Include="..\..\mecoprot.h">
      <Filter>Source Files</Filter>
    </ClInclude>
  </ItemGroup>
</Project>