
Microsoft Visual Studio Solution File, Format Version 12.00
# Visual Studio 2012
Project("{FAE04EC0-301F-11D3-BF4B-00C04F79EFBC}") = "EMServer", "EMServer\EMServer.csproj", "{6977941C-A9E2-4A3D-A589-963CA0BCB507}"
EndProject
Project("{FAE04EC0-301F-11D3-BF4B-00C04F79EFBC}") = "EMClient", "EMClient\EMClient.csproj", "{B268CEAF-C964-408D-87B6-88663064964D}"
EndProject
Project("{FAE04EC0-301F-11D3-BF4B-00C04F79EFBC}") = "EMUtils", "EMUtils\EMUtils.csproj", "{28B4B07B-5182-418D-866C-D836D942AC3B}"
EndProject
Project("{FAE04EC0-301F-11D3-BF4B-00C04F79EFBC}") = "EMLogServer", "EMLogServer\EMLogServer.csproj", "{4CF56520-C640-4B7B-A129-6F437BA9F145}"
EndProject
Global
	GlobalSection(SolutionConfigurationPlatforms) = preSolution
		Debug|Any CPU = Debug|Any CPU
		Debug|x64 = Debug|x64
		Debug|x86 = Debug|x86
		Release|Any CPU = Release|Any CPU
		Release|x64 = Release|x64
		Release|x86 = Release|x86
		ReleaseBuild|Any CPU = ReleaseBuild|Any CPU
		ReleaseBuild|x64 = ReleaseBuild|x64
		ReleaseBuild|x86 = ReleaseBuild|x86
	EndGlobalSection
	GlobalSection(ProjectConfigurationPlatforms) = postSolution
		{6977941C-A9E2-4A3D-A589-963CA0BCB507}.Debug|Any CPU.ActiveCfg = Debug|Any CPU
		{6977941C-A9E2-4A3D-A589-963CA0BCB507}.Debug|Any CPU.Build.0 = Debug|Any CPU
		{6977941C-A9E2-4A3D-A589-963CA0BCB507}.Debug|x64.ActiveCfg = Debug|Any CPU
		{6977941C-A9E2-4A3D-A589-963CA0BCB507}.Debug|x86.ActiveCfg = Debug|Any CPU
		{6977941C-A9E2-4A3D-A589-963CA0BCB507}.Release|Any CPU.ActiveCfg = Release|Any CPU
		{6977941C-A9E2-4A3D-A589-963CA0BCB507}.Release|Any CPU.Build.0 = Release|Any CPU
		{6977941C-A9E2-4A3D-A589-963CA0BCB507}.Release|x64.ActiveCfg = Release|Any CPU
		{6977941C-A9E2-4A3D-A589-963CA0BCB507}.Release|x86.ActiveCfg = Release|Any CPU
		{6977941C-A9E2-4A3D-A589-963CA0BCB507}.ReleaseBuild|Any CPU.ActiveCfg = Release|Any CPU
		{6977941C-A9E2-4A3D-A589-963CA0BCB507}.ReleaseBuild|Any CPU.Build.0 = Release|Any CPU
		{6977941C-A9E2-4A3D-A589-963CA0BCB507}.ReleaseBuild|x64.ActiveCfg = Release|Any CPU
		{6977941C-A9E2-4A3D-A589-963CA0BCB507}.ReleaseBuild|x86.ActiveCfg = Release|Any CPU
		{B268CEAF-C964-408D-87B6-88663064964D}.Debug|Any CPU.ActiveCfg = Debug|Any CPU
		{B268CEAF-C964-408D-87B6-88663064964D}.Debug|Any CPU.Build.0 = Debug|Any CPU
		{B268CEAF-C964-408D-87B6-88663064964D}.Debug|x64.ActiveCfg = Debug|Any CPU
		{B268CEAF-C964-408D-87B6-88663064964D}.Debug|x86.ActiveCfg = Debug|Any CPU
		{B268CEAF-C964-408D-87B6-88663064964D}.Release|Any CPU.ActiveCfg = Release|Any CPU
		{B268CEAF-C964-408D-87B6-88663064964D}.Release|Any CPU.Build.0 = Release|Any CPU
		{B268CEAF-C964-408D-87B6-88663064964D}.Release|x64.ActiveCfg = Release|Any CPU
		{B268CEAF-C964-408D-87B6-88663064964D}.Release|x86.ActiveCfg = Release|Any CPU
		{B268CEAF-C964-408D-87B6-88663064964D}.ReleaseBuild|Any CPU.ActiveCfg = Release|Any CPU
		{B268CEAF-C964-408D-87B6-88663064964D}.ReleaseBuild|Any CPU.Build.0 = Release|Any CPU
		{B268CEAF-C964-408D-87B6-88663064964D}.ReleaseBuild|x64.ActiveCfg = Release|Any CPU
		{B268CEAF-C964-408D-87B6-88663064964D}.ReleaseBuild|x86.ActiveCfg = Release|Any CPU
		{28B4B07B-5182-418D-866C-D836D942AC3B}.Debug|Any CPU.ActiveCfg = Debug|x86
		{28B4B07B-5182-418D-866C-D836D942AC3B}.Debug|Any CPU.Build.0 = Debug|x86
		{28B4B07B-5182-418D-866C-D836D942AC3B}.Debug|x64.ActiveCfg = Debug|Any CPU
		{28B4B07B-5182-418D-866C-D836D942AC3B}.Debug|x86.ActiveCfg = Debug|Any CPU
		{28B4B07B-5182-418D-866C-D836D942AC3B}.Release|Any CPU.ActiveCfg = Release|Any CPU
		{28B4B07B-5182-418D-866C-D836D942AC3B}.Release|Any CPU.Build.0 = Release|Any CPU
		{28B4B07B-5182-418D-866C-D836D942AC3B}.Release|x64.ActiveCfg = Release|Any CPU
		{28B4B07B-5182-418D-866C-D836D942AC3B}.Release|x86.ActiveCfg = Release|Any CPU
		{28B4B07B-5182-418D-866C-D836D942AC3B}.ReleaseBuild|Any CPU.ActiveCfg = Release|Any CPU
		{28B4B07B-5182-418D-866C-D836D942AC3B}.ReleaseBuild|Any CPU.Build.0 = Release|Any CPU
		{28B4B07B-5182-418D-866C-D836D942AC3B}.ReleaseBuild|x64.ActiveCfg = Release|Any CPU
		{28B4B07B-5182-418D-866C-D836D942AC3B}.ReleaseBuild|x86.ActiveCfg = Release|Any CPU
		{4CF56520-C640-4B7B-A129-6F437BA9F145}.Debug|Any CPU.ActiveCfg = Debug|Any CPU
		{4CF56520-C640-4B7B-A129-6F437BA9F145}.Debug|Any CPU.Build.0 = Debug|Any CPU
		{4CF56520-C640-4B7B-A129-6F437BA9F145}.Debug|x64.ActiveCfg = Debug|Any CPU
		{4CF56520-C640-4B7B-A129-6F437BA9F145}.Debug|x86.ActiveCfg = Debug|Any CPU
		{4CF56520-C640-4B7B-A129-6F437BA9F145}.Release|Any CPU.ActiveCfg = Release|Any CPU
		{4CF56520-C640-4B7B-A129-6F437BA9F145}.Release|Any CPU.Build.0 = Release|Any CPU
		{4CF56520-C640-4B7B-A129-6F437BA9F145}.Release|x64.ActiveCfg = Release|Any CPU
		{4CF56520-C640-4B7B-A129-6F437BA9F145}.Release|x86.ActiveCfg = Release|Any CPU
		{4CF56520-C640-4B7B-A129-6F437BA9F145}.ReleaseBuild|Any CPU.ActiveCfg = Release|Any CPU
		{4CF56520-C640-4B7B-A129-6F437BA9F145}.ReleaseBuild|Any CPU.Build.0 = Release|Any CPU
		{4CF56520-C640-4B7B-A129-6F437BA9F145}.ReleaseBuild|x64.ActiveCfg = Release|Any CPU
		{4CF56520-C640-4B7B-A129-6F437BA9F145}.ReleaseBuild|x86.ActiveCfg = Release|Any CPU
	EndGlobalSection
	GlobalSection(SolutionProperties) = preSolution
		HideSolutionNode = FALSE
	EndGlobalSection
	GlobalSection(Performance) = preSolution
		HasPerformanceSessions = true
	EndGlobalSection
EndGlobal
